
Microsoft Visual Studio Solution File, Format Version 12.00
# Visual Studio Version 16
VisualStudioVersion = 16.0.30114.105
MinimumVisualStudioVersion = 10.0.40219.1
Project("{FAE04EC0-301F-11D3-BF4B-00C04F79EFBC}") = "Penguin.Cms.Images.Repositories.Local", "Penguin.Cms.Images.Repositories.Local.csproj", "{ADA051A9-7F01-43F2-8DA8-F7A4A47DE1DD}"
EndProject
Project("{FAE04EC0-301F-11D3-BF4B-00C04F79EFBC}") = "Penguin.Security.Abstractions.Local", "..\Penguin.Security.Abstractions\Penguin.Security.Abstractions.Local.csproj", "{51E051DF-7F3E-48A4-80CC-805A90C0A2C9}"
EndProject
Project("{FAE04EC0-301F-11D3-BF4B-00C04F79EFBC}") = "Penguin.Cms.Images.Local", "..\Penguin.Cms.Images\Penguin.Cms.Images.Local.csproj", "{14D64659-3123-42BF-AEFF-61D5F1E245EB}"
EndProject
Project("{FAE04EC0-301F-11D3-BF4B-00C04F79EFBC}") = "Penguin.Images.Local", "..\Penguin.Images\Penguin.Images.Local.csproj", "{9B3B5E97-13BF-47B2-895A-CD725897638E}"
EndProject
Project("{FAE04EC0-301F-11D3-BF4B-00C04F79EFBC}") = "Penguin.Web.Data.Local", "..\Penguin.Web.Data\Penguin.Web.Data.Local.csproj", "{99FF7919-8EF5-4F00-9F1D-872732F0A238}"
EndProject
Project("{FAE04EC0-301F-11D3-BF4B-00C04F79EFBC}") = "Penguin.Cms.Entities.Local", "..\Penguin.Cms.Entities\Penguin.Cms.Entities.Local.csproj", "{C2E61543-C3C0-4F76-A565-EEB5511662CB}"
EndProject
Project("{FAE04EC0-301F-11D3-BF4B-00C04F79EFBC}") = "Penguin.Persistence.Abstractions.Local", "..\Penguin.Persistence.Abstractions\Penguin.Persistence.Abstractions.Local.csproj", "{5B8D655E-FE84-40A8-A310-4589CF654334}"
EndProject
Project("{FAE04EC0-301F-11D3-BF4B-00C04F79EFBC}") = "Penguin.Entities.Abstractions.Local", "..\Penguin.Entities.Abstractions\Penguin.Entities.Abstractions.Local.csproj", "{D9A2E528-BE3A-405C-886A-200E3F8F0280}"
EndProject
Project("{FAE04EC0-301F-11D3-BF4B-00C04F79EFBC}") = "Penguin.Reflection.Extensions.Local", "..\Penguin.Reflection.Extensions\Penguin.Reflection.Extensions.Local.csproj", "{893AD7E6-0B0E-47D1-987A-422CF18F53BC}"
EndProject
Project("{FAE04EC0-301F-11D3-BF4B-00C04F79EFBC}") = "Penguin.Reflection.Abstractions.Local", "..\Penguin.Reflection.Abstractions\Penguin.Reflection.Abstractions.Local.csproj", "{EB47EAF0-5C2C-42A9-995D-4EA13417555F}"
EndProject
Project("{FAE04EC0-301F-11D3-BF4B-00C04F79EFBC}") = "Penguin.Extensions.String.Local", "..\Penguin.Extensions.String\Penguin.Extensions.String.Local.csproj", "{A782F0A5-B30B-4E31-96D4-273EA1BD7EB9}"
EndProject
Project("{FAE04EC0-301F-11D3-BF4B-00C04F79EFBC}") = "Penguin.Cms.Repositories.Local", "..\Penguin.Cms.Repositories\Penguin.Cms.Repositories.Local.csproj", "{6A6A9758-2619-43A1-B196-C55A7C16B0FD}"
EndProject
Project("{FAE04EC0-301F-11D3-BF4B-00C04F79EFBC}") = "Penguin.Persistence.Repositories.Local", "..\Penguin.Persistence.Repositories\Penguin.Persistence.Repositories.Local.csproj", "{9BFF9FCF-701B-4448-806D-4849E0D82B83}"
EndProject
Project("{FAE04EC0-301F-11D3-BF4B-00C04F79EFBC}") = "Penguin.DependencyInjection.Abstractions.Local", "..\Penguin.DependencyInjection.Abstractions\Penguin.DependencyInjection.Abstractions.Local.csproj", "{AB83C4A6-B489-4E98-A6E4-4918826C4FEA}"
EndProject
Project("{FAE04EC0-301F-11D3-BF4B-00C04F79EFBC}") = "Penguin.Messaging.Persistence.Local", "..\Penguin.Messaging.Persistence\Penguin.Messaging.Persistence.Local.csproj", "{20732CFF-A943-49EC-867C-45D0711E99D5}"
EndProject
Project("{FAE04EC0-301F-11D3-BF4B-00C04F79EFBC}") = "Penguin.Messaging.Abstractions.Local", "..\Penguin.Messaging.Abstractions\Penguin.Messaging.Abstractions.Local.csproj", "{E0DCE4FA-53CC-4A94-89FE-1B33D1E23B61}"
EndProject
Project("{FAE04EC0-301F-11D3-BF4B-00C04F79EFBC}") = "Penguin.Messaging.Core.Local", "..\Penguin.Messaging.Core\Penguin.Messaging.Core.Local.csproj", "{A9C184E6-F0BB-4338-B1E3-262AC4FB7096}"
EndProject
Project("{FAE04EC0-301F-11D3-BF4B-00C04F79EFBC}") = "Penguin.Debugging.Local", "..\Penguin.Debugging\Penguin.Debugging.Local.csproj", "{D02855A6-7CF2-41F5-BA94-E0E9225A929A}"
EndProject
Project("{FAE04EC0-301F-11D3-BF4B-00C04F79EFBC}") = "Penguin.Extensions.Exceptions.Local", "..\Penguin.Extensions.Exceptions\Penguin.Extensions.Exceptions.Local.csproj", "{642E4E53-DDC5-4068-AD5E-922606037515}"
EndProject
Project("{FAE04EC0-301F-11D3-BF4B-00C04F79EFBC}") = "Penguin.Reflection.Local", "..\Penguin.Reflection\Penguin.Reflection.Local.csproj", "{4572F593-6520-4FB6-B0A3-D588F9D3EC7B}"
EndProject
Global
	GlobalSection(SolutionConfigurationPlatforms) = preSolution
		Debug|Any CPU = Debug|Any CPU
		Debug|x64 = Debug|x64
		Debug|x86 = Debug|x86
		Release|Any CPU = Release|Any CPU
		Release|x64 = Release|x64
		Release|x86 = Release|x86
	EndGlobalSection
	GlobalSection(SolutionProperties) = preSolution
		HideSolutionNode = FALSE
	EndGlobalSection
	GlobalSection(ProjectConfigurationPlatforms) = postSolution
		{ADA051A9-7F01-43F2-8DA8-F7A4A47DE1DD}.Debug|Any CPU.ActiveCfg = Debug|Any CPU
		{ADA051A9-7F01-43F2-8DA8-F7A4A47DE1DD}.Debug|Any CPU.Build.0 = Debug|Any CPU
		{ADA051A9-7F01-43F2-8DA8-F7A4A47DE1DD}.Debug|x64.ActiveCfg = Debug|Any CPU
		{ADA051A9-7F01-43F2-8DA8-F7A4A47DE1DD}.Debug|x64.Build.0 = Debug|Any CPU
		{ADA051A9-7F01-43F2-8DA8-F7A4A47DE1DD}.Debug|x86.ActiveCfg = Debug|Any CPU
		{ADA051A9-7F01-43F2-8DA8-F7A4A47DE1DD}.Debug|x86.Build.0 = Debug|Any CPU
		{ADA051A9-7F01-43F2-8DA8-F7A4A47DE1DD}.Release|Any CPU.ActiveCfg = Release|Any CPU
		{ADA051A9-7F01-43F2-8DA8-F7A4A47DE1DD}.Release|Any CPU.Build.0 = Release|Any CPU
		{ADA051A9-7F01-43F2-8DA8-F7A4A47DE1DD}.Release|x64.ActiveCfg = Release|Any CPU
		{ADA051A9-7F01-43F2-8DA8-F7A4A47DE1DD}.Release|x64.Build.0 = Release|Any CPU
		{ADA051A9-7F01-43F2-8DA8-F7A4A47DE1DD}.Release|x86.ActiveCfg = Release|Any CPU
		{ADA051A9-7F01-43F2-8DA8-F7A4A47DE1DD}.Release|x86.Build.0 = Release|Any CPU
		{51E051DF-7F3E-48A4-80CC-805A90C0A2C9}.Debug|Any CPU.ActiveCfg = Debug|Any CPU
		{51E051DF-7F3E-48A4-80CC-805A90C0A2C9}.Debug|Any CPU.Build.0 = Debug|Any CPU
		{51E051DF-7F3E-48A4-80CC-805A90C0A2C9}.Debug|x64.ActiveCfg = Debug|Any CPU
		{51E051DF-7F3E-48A4-80CC-805A90C0A2C9}.Debug|x64.Build.0 = Debug|Any CPU
		{51E051DF-7F3E-48A4-80CC-805A90C0A2C9}.Debug|x86.ActiveCfg = Debug|Any CPU
		{51E051DF-7F3E-48A4-80CC-805A90C0A2C9}.Debug|x86.Build.0 = Debug|Any CPU
		{51E051DF-7F3E-48A4-80CC-805A90C0A2C9}.Release|Any CPU.ActiveCfg = Release|Any CPU
		{51E051DF-7F3E-48A4-80CC-805A90C0A2C9}.Release|Any CPU.Build.0 = Release|Any CPU
		{51E051DF-7F3E-48A4-80CC-805A90C0A2C9}.Release|x64.ActiveCfg = Release|Any CPU
		{51E051DF-7F3E-48A4-80CC-805A90C0A2C9}.Release|x64.Build.0 = Release|Any CPU
		{51E051DF-7F3E-48A4-80CC-805A90C0A2C9}.Release|x86.ActiveCfg = Release|Any CPU
		{51E051DF-7F3E-48A4-80CC-805A90C0A2C9}.Release|x86.Build.0 = Release|Any CPU
		{14D64659-3123-42BF-AEFF-61D5F1E245EB}.Debug|Any CPU.ActiveCfg = Debug|Any CPU
		{14D64659-3123-42BF-AEFF-61D5F1E245EB}.Debug|Any CPU.Build.0 = Debug|Any CPU
		{14D64659-3123-42BF-AEFF-61D5F1E245EB}.Debug|x64.ActiveCfg = Debug|Any CPU
		{14D64659-3123-42BF-AEFF-61D5F1E245EB}.Debug|x64.Build.0 = Debug|Any CPU
		{14D64659-3123-42BF-AEFF-61D5F1E245EB}.Debug|x86.ActiveCfg = Debug|Any CPU
		{14D64659-3123-42BF-AEFF-61D5F1E245EB}.Debug|x86.Build.0 = Debug|Any CPU
		{14D64659-3123-42BF-AEFF-61D5F1E245EB}.Release|Any CPU.ActiveCfg = Release|Any CPU
		{14D64659-3123-42BF-AEFF-61D5F1E245EB}.Release|Any CPU.Build.0 = Release|Any CPU
		{14D64659-3123-42BF-AEFF-61D5F1E245EB}.Release|x64.ActiveCfg = Release|Any CPU
		{14D64659-3123-42BF-AEFF-61D5F1E245EB}.Release|x64.Build.0 = Release|Any CPU
		{14D64659-3123-42BF-AEFF-61D5F1E245EB}.Release|x86.ActiveCfg = Release|Any CPU
		{14D64659-3123-42BF-AEFF-61D5F1E245EB}.Release|x86.Build.0 = Release|Any CPU
		{9B3B5E97-13BF-47B2-895A-CD725897638E}.Debug|Any CPU.ActiveCfg = Debug|Any CPU
		{9B3B5E97-13BF-47B2-895A-CD725897638E}.Debug|Any CPU.Build.0 = Debug|Any CPU
		{9B3B5E97-13BF-47B2-895A-CD725897638E}.Debug|x64.ActiveCfg = Debug|Any CPU
		{9B3B5E97-13BF-47B2-895A-CD725897638E}.Debug|x64.Build.0 = Debug|Any CPU
		{9B3B5E97-13BF-47B2-895A-CD725897638E}.Debug|x86.ActiveCfg = Debug|Any CPU
		{9B3B5E97-13BF-47B2-895A-CD725897638E}.Debug|x86.Build.0 = Debug|Any CPU
		{9B3B5E97-13BF-47B2-895A-CD725897638E}.Release|Any CPU.ActiveCfg = Release|Any CPU
		{9B3B5E97-13BF-47B2-895A-CD725897638E}.Release|Any CPU.Build.0 = Release|Any CPU
		{9B3B5E97-13BF-47B2-895A-CD725897638E}.Release|x64.ActiveCfg = Release|Any CPU
		{9B3B5E97-13BF-47B2-895A-CD725897638E}.Release|x64.Build.0 = Release|Any CPU
		{9B3B5E97-13BF-47B2-895A-CD725897638E}.Release|x86.ActiveCfg = Release|Any CPU
		{9B3B5E97-13BF-47B2-895A-CD725897638E}.Release|x86.Build.0 = Release|Any CPU
		{99FF7919-8EF5-4F00-9F1D-872732F0A238}.Debug|Any CPU.ActiveCfg = Debug|Any CPU
		{99FF7919-8EF5-4F00-9F1D-872732F0A238}.Debug|Any CPU.Build.0 = Debug|Any CPU
		{99FF7919-8EF5-4F00-9F1D-872732F0A238}.Debug|x64.ActiveCfg = Debug|Any CPU
		{99FF7919-8EF5-4F00-9F1D-872732F0A238}.Debug|x64.Build.0 = Debug|Any CPU
		{99FF7919-8EF5-4F00-9F1D-872732F0A238}.Debug|x86.ActiveCfg = Debug|Any CPU
		{99FF7919-8EF5-4F00-9F1D-872732F0A238}.Debug|x86.Build.0 = Debug|Any CPU
		{99FF7919-8EF5-4F00-9F1D-872732F0A238}.Release|Any CPU.ActiveCfg = Release|Any CPU
		{99FF7919-8EF5-4F00-9F1D-872732F0A238}.Release|Any CPU.Build.0 = Release|Any CPU
		{99FF7919-8EF5-4F00-9F1D-872732F0A238}.Release|x64.ActiveCfg = Release|Any CPU
		{99FF7919-8EF5-4F00-9F1D-872732F0A238}.Release|x64.Build.0 = Release|Any CPU
		{99FF7919-8EF5-4F00-9F1D-872732F0A238}.Release|x86.ActiveCfg = Release|Any CPU
		{99FF7919-8EF5-4F00-9F1D-872732F0A238}.Release|x86.Build.0 = Release|Any CPU
		{C2E61543-C3C0-4F76-A565-EEB5511662CB}.Debug|Any CPU.ActiveCfg = Debug|Any CPU
		{C2E61543-C3C0-4F76-A565-EEB5511662CB}.Debug|Any CPU.Build.0 = Debug|Any CPU
		{C2E61543-C3C0-4F76-A565-EEB5511662CB}.Debug|x64.ActiveCfg = Debug|Any CPU
		{C2E61543-C3C0-4F76-A565-EEB5511662CB}.Debug|x64.Build.0 = Debug|Any CPU
		{C2E61543-C3C0-4F76-A565-EEB5511662CB}.Debug|x86.ActiveCfg = Debug|Any CPU
		{C2E61543-C3C0-4F76-A565-EEB5511662CB}.Debug|x86.Build.0 = Debug|Any CPU
		{C2E61543-C3C0-4F76-A565-EEB5511662CB}.Release|Any CPU.ActiveCfg = Release|Any CPU
		{C2E61543-C3C0-4F76-A565-EEB5511662CB}.Release|Any CPU.Build.0 = Release|Any CPU
		{C2E61543-C3C0-4F76-A565-EEB5511662CB}.Release|x64.ActiveCfg = Release|Any CPU
		{C2E61543-C3C0-4F76-A565-EEB5511662CB}.Release|x64.Build.0 = Release|Any CPU
		{C2E61543-C3C0-4F76-A565-EEB5511662CB}.Release|x86.ActiveCfg = Release|Any CPU
		{C2E61543-C3C0-4F76-A565-EEB5511662CB}.Release|x86.Build.0 = Release|Any CPU
		{5B8D655E-FE84-40A8-A310-4589CF654334}.Debug|Any CPU.ActiveCfg = Debug|Any CPU
		{5B8D655E-FE84-40A8-A310-4589CF654334}.Debug|Any CPU.Build.0 = Debug|Any CPU
		{5B8D655E-FE84-40A8-A310-4589CF654334}.Debug|x64.ActiveCfg = Debug|Any CPU
		{5B8D655E-FE84-40A8-A310-4589CF654334}.Debug|x64.Build.0 = Debug|Any CPU
		{5B8D655E-FE84-40A8-A310-4589CF654334}.Debug|x86.ActiveCfg = Debug|Any CPU
		{5B8D655E-FE84-40A8-A310-4589CF654334}.Debug|x86.Build.0 = Debug|Any CPU
		{5B8D655E-FE84-40A8-A310-4589CF654334}.Release|Any CPU.ActiveCfg = Release|Any CPU
		{5B8D655E-FE84-40A8-A310-4589CF654334}.Release|Any CPU.Build.0 = Release|Any CPU
		{5B8D655E-FE84-40A8-A310-4589CF654334}.Release|x64.ActiveCfg = Release|Any CPU
		{5B8D655E-FE84-40A8-A310-4589CF654334}.Release|x64.Build.0 = Release|Any CPU
		{5B8D655E-FE84-40A8-A310-4589CF654334}.Release|x86.ActiveCfg = Release|Any CPU
		{5B8D655E-FE84-40A8-A310-4589CF654334}.Release|x86.Build.0 = Release|Any CPU
		{D9A2E528-BE3A-405C-886A-200E3F8F0280}.Debug|Any CPU.ActiveCfg = Debug|Any CPU
		{D9A2E528-BE3A-405C-886A-200E3F8F0280}.Debug|Any CPU.Build.0 = Debug|Any CPU
		{D9A2E528-BE3A-405C-886A-200E3F8F0280}.Debug|x64.ActiveCfg = Debug|Any CPU
		{D9A2E528-BE3A-405C-886A-200E3F8F0280}.Debug|x64.Build.0 = Debug|Any CPU
		{D9A2E528-BE3A-405C-886A-200E3F8F0280}.Debug|x86.ActiveCfg = Debug|Any CPU
		{D9A2E528-BE3A-405C-886A-200E3F8F0280}.Debug|x86.Build.0 = Debug|Any CPU
		{D9A2E528-BE3A-405C-886A-200E3F8F0280}.Release|Any CPU.ActiveCfg = Release|Any CPU
		{D9A2E528-BE3A-405C-886A-200E3F8F0280}.Release|Any CPU.Build.0 = Release|Any CPU
		{D9A2E528-BE3A-405C-886A-200E3F8F0280}.Release|x64.ActiveCfg = Release|Any CPU
		{D9A2E528-BE3A-405C-886A-200E3F8F0280}.Release|x64.Build.0 = Release|Any CPU
		{D9A2E528-BE3A-405C-886A-200E3F8F0280}.Release|x86.ActiveCfg = Release|Any CPU
		{D9A2E528-BE3A-405C-886A-200E3F8F0280}.Release|x86.Build.0 = Release|Any CPU
		{893AD7E6-0B0E-47D1-987A-422CF18F53BC}.Debug|Any CPU.ActiveCfg = Debug|Any CPU
		{893AD7E6-0B0E-47D1-987A-422CF18F53BC}.Debug|Any CPU.Build.0 = Debug|Any CPU
		{893AD7E6-0B0E-47D1-987A-422CF18F53BC}.Debug|x64.ActiveCfg = Debug|Any CPU
		{893AD7E6-0B0E-47D1-987A-422CF18F53BC}.Debug|x64.Build.0 = Debug|Any CPU
		{893AD7E6-0B0E-47D1-987A-422CF18F53BC}.Debug|x86.ActiveCfg = Debug|Any CPU
		{893AD7E6-0B0E-47D1-987A-422CF18F53BC}.Debug|x86.Build.0 = Debug|Any CPU
		{893AD7E6-0B0E-47D1-987A-422CF18F53BC}.Release|Any CPU.ActiveCfg = Release|Any CPU
		{893AD7E6-0B0E-47D1-987A-422CF18F53BC}.Release|Any CPU.Build.0 = Release|Any CPU
		{893AD7E6-0B0E-47D1-987A-422CF18F53BC}.Release|x64.ActiveCfg = Release|Any CPU
		{893AD7E6-0B0E-47D1-987A-422CF18F53BC}.Release|x64.Build.0 = Release|Any CPU
		{893AD7E6-0B0E-47D1-987A-422CF18F53BC}.Release|x86.ActiveCfg = Release|Any CPU
		{893AD7E6-0B0E-47D1-987A-422CF18F53BC}.Release|x86.Build.0 = Release|Any CPU
		{EB47EAF0-5C2C-42A9-995D-4EA13417555F}.Debug|Any CPU.ActiveCfg = Debug|Any CPU
		{EB47EAF0-5C2C-42A9-995D-4EA13417555F}.Debug|Any CPU.Build.0 = Debug|Any CPU
		{EB47EAF0-5C2C-42A9-995D-4EA13417555F}.Debug|x64.ActiveCfg = Debug|Any CPU
		{EB47EAF0-5C2C-42A9-995D-4EA13417555F}.Debug|x64.Build.0 = Debug|Any CPU
		{EB47EAF0-5C2C-42A9-995D-4EA13417555F}.Debug|x86.ActiveCfg = Debug|Any CPU
		{EB47EAF0-5C2C-42A9-995D-4EA13417555F}.Debug|x86.Build.0 = Debug|Any CPU
		{EB47EAF0-5C2C-42A9-995D-4EA13417555F}.Release|Any CPU.ActiveCfg = Release|Any CPU
		{EB47EAF0-5C2C-42A9-995D-4EA13417555F}.Release|Any CPU.Build.0 = Release|Any CPU
		{EB47EAF0-5C2C-42A9-995D-4EA13417555F}.Release|x64.ActiveCfg = Release|Any CPU
		{EB47EAF0-5C2C-42A9-995D-4EA13417555F}.Release|x64.Build.0 = Release|Any CPU
		{EB47EAF0-5C2C-42A9-995D-4EA13417555F}.Release|x86.ActiveCfg = Release|Any CPU
		{EB47EAF0-5C2C-42A9-995D-4EA13417555F}.Release|x86.Build.0 = Release|Any CPU
		{A782F0A5-B30B-4E31-96D4-273EA1BD7EB9}.Debug|Any CPU.ActiveCfg = Debug|Any CPU
		{A782F0A5-B30B-4E31-96D4-273EA1BD7EB9}.Debug|Any CPU.Build.0 = Debug|Any CPU
		{A782F0A5-B30B-4E31-96D4-273EA1BD7EB9}.Debug|x64.ActiveCfg = Debug|Any CPU
		{A782F0A5-B30B-4E31-96D4-273EA1BD7EB9}.Debug|x64.Build.0 = Debug|Any CPU
		{A782F0A5-B30B-4E31-96D4-273EA1BD7EB9}.Debug|x86.ActiveCfg = Debug|Any CPU
		{A782F0A5-B30B-4E31-96D4-273EA1BD7EB9}.Debug|x86.Build.0 = Debug|Any CPU
		{A782F0A5-B30B-4E31-96D4-273EA1BD7EB9}.Release|Any CPU.ActiveCfg = Release|Any CPU
		{A782F0A5-B30B-4E31-96D4-273EA1BD7EB9}.Release|Any CPU.Build.0 = Release|Any CPU
		{A782F0A5-B30B-4E31-96D4-273EA1BD7EB9}.Release|x64.ActiveCfg = Release|Any CPU
		{A782F0A5-B30B-4E31-96D4-273EA1BD7EB9}.Release|x64.Build.0 = Release|Any CPU
		{A782F0A5-B30B-4E31-96D4-273EA1BD7EB9}.Release|x86.ActiveCfg = Release|Any CPU
		{A782F0A5-B30B-4E31-96D4-273EA1BD7EB9}.Release|x86.Build.0 = Release|Any CPU
		{6A6A9758-2619-43A1-B196-C55A7C16B0FD}.Debug|Any CPU.ActiveCfg = Debug|Any CPU
		{6A6A9758-2619-43A1-B196-C55A7C16B0FD}.Debug|Any CPU.Build.0 = Debug|Any CPU
		{6A6A9758-2619-43A1-B196-C55A7C16B0FD}.Debug|x64.ActiveCfg = Debug|Any CPU
		{6A6A9758-2619-43A1-B196-C55A7C16B0FD}.Debug|x64.Build.0 = Debug|Any CPU
		{6A6A9758-2619-43A1-B196-C55A7C16B0FD}.Debug|x86.ActiveCfg = Debug|Any CPU
		{6A6A9758-2619-43A1-B196-C55A7C16B0FD}.Debug|x86.Build.0 = Debug|Any CPU
		{6A6A9758-2619-43A1-B196-C55A7C16B0FD}.Release|Any CPU.ActiveCfg = Release|Any CPU
		{6A6A9758-2619-43A1-B196-C55A7C16B0FD}.Release|Any CPU.Build.0 = Release|Any CPU
		{6A6A9758-2619-43A1-B196-C55A7C16B0FD}.Release|x64.ActiveCfg = Release|Any CPU
		{6A6A9758-2619-43A1-B196-C55A7C16B0FD}.Release|x64.Build.0 = Release|Any CPU
		{6A6A9758-2619-43A1-B196-C55A7C16B0FD}.Release|x86.ActiveCfg = Release|Any CPU
		{6A6A9758-2619-43A1-B196-C55A7C16B0FD}.Release|x86.Build.0 = Release|Any CPU
		{9BFF9FCF-701B-4448-806D-4849E0D82B83}.Debug|Any CPU.ActiveCfg = Debug|Any CPU
		{9BFF9FCF-701B-4448-806D-4849E0D82B83}.Debug|Any CPU.Build.0 = Debug|Any CPU
		{9BFF9FCF-701B-4448-806D-4849E0D82B83}.Debug|x64.ActiveCfg = Debug|Any CPU
		{9BFF9FCF-701B-4448-806D-4849E0D82B83}.Debug|x64.Build.0 = Debug|Any CPU
		{9BFF9FCF-701B-4448-806D-4849E0D82B83}.Debug|x86.ActiveCfg = Debug|Any CPU
		{9BFF9FCF-701B-4448-806D-4849E0D82B83}.Debug|x86.Build.0 = Debug|Any CPU
		{9BFF9FCF-701B-4448-806D-4849E0D82B83}.Release|Any CPU.ActiveCfg = Release|Any CPU
		{9BFF9FCF-701B-4448-806D-4849E0D82B83}.Release|Any CPU.Build.0 = Release|Any CPU
		{9BFF9FCF-701B-4448-806D-4849E0D82B83}.Release|x64.ActiveCfg = Release|Any CPU
		{9BFF9FCF-701B-4448-806D-4849E0D82B83}.Release|x64.Build.0 = Release|Any CPU
		{9BFF9FCF-701B-4448-806D-4849E0D82B83}.Release|x86.ActiveCfg = Release|Any CPU
		{9BFF9FCF-701B-4448-806D-4849E0D82B83}.Release|x86.Build.0 = Release|Any CPU
		{AB83C4A6-B489-4E98-A6E4-4918826C4FEA}.Debug|Any CPU.ActiveCfg = Debug|Any CPU
		{AB83C4A6-B489-4E98-A6E4-4918826C4FEA}.Debug|Any CPU.Build.0 = Debug|Any CPU
		{AB83C4A6-B489-4E98-A6E4-4918826C4FEA}.Debug|x64.ActiveCfg = Debug|Any CPU
		{AB83C4A6-B489-4E98-A6E4-4918826C4FEA}.Debug|x64.Build.0 = Debug|Any CPU
		{AB83C4A6-B489-4E98-A6E4-4918826C4FEA}.Debug|x86.ActiveCfg = Debug|Any CPU
		{AB83C4A6-B489-4E98-A6E4-4918826C4FEA}.Debug|x86.Build.0 = Debug|Any CPU
		{AB83C4A6-B489-4E98-A6E4-4918826C4FEA}.Release|Any CPU.ActiveCfg = Release|Any CPU
		{AB83C4A6-B489-4E98-A6E4-4918826C4FEA}.Release|Any CPU.Build.0 = Release|Any CPU
		{AB83C4A6-B489-4E98-A6E4-4918826C4FEA}.Release|x64.ActiveCfg = Release|Any CPU
		{AB83C4A6-B489-4E98-A6E4-4918826C4FEA}.Release|x64.Build.0 = Release|Any CPU
		{AB83C4A6-B489-4E98-A6E4-4918826C4FEA}.Release|x86.ActiveCfg = Release|Any CPU
		{AB83C4A6-B489-4E98-A6E4-4918826C4FEA}.Release|x86.Build.0 = Release|Any CPU
		{20732CFF-A943-49EC-867C-45D0711E99D5}.Debug|Any CPU.ActiveCfg = Debug|Any CPU
		{20732CFF-A943-49EC-867C-45D0711E99D5}.Debug|Any CPU.Build.0 = Debug|Any CPU
		{20732CFF-A943-49EC-867C-45D0711E99D5}.Debug|x64.ActiveCfg = Debug|Any CPU
		{20732CFF-A943-49EC-867C-45D0711E99D5}.Debug|x64.Build.0 = Debug|Any CPU
		{20732CFF-A943-49EC-867C-45D0711E99D5}.Debug|x86.ActiveCfg = Debug|Any CPU
		{20732CFF-A943-49EC-867C-45D0711E99D5}.Debug|x86.Build.0 = Debug|Any CPU
		{20732CFF-A943-49EC-867C-45D0711E99D5}.Release|Any CPU.ActiveCfg = Release|Any CPU
		{20732CFF-A943-49EC-867C-45D0711E99D5}.Release|Any CPU.Build.0 = Release|Any CPU
		{20732CFF-A943-49EC-867C-45D0711E99D5}.Release|x64.ActiveCfg = Release|Any CPU
		{20732CFF-A943-49EC-867C-45D0711E99D5}.Release|x64.Build.0 = Release|Any CPU
		{20732CFF-A943-49EC-867C-45D0711E99D5}.Release|x86.ActiveCfg = Release|Any CPU
		{20732CFF-A943-49EC-867C-45D0711E99D5}.Release|x86.Build.0 = Release|Any CPU
		{E0DCE4FA-53CC-4A94-89FE-1B33D1E23B61}.Debug|Any CPU.ActiveCfg = Debug|Any CPU
		{E0DCE4FA-53CC-4A94-89FE-1B33D1E23B61}.Debug|Any CPU.Build.0 = Debug|Any CPU
		{E0DCE4FA-53CC-4A94-89FE-1B33D1E23B61}.Debug|x64.ActiveCfg = Debug|Any CPU
		{E0DCE4FA-53CC-4A94-89FE-1B33D1E23B61}.Debug|x64.Build.0 = Debug|Any CPU
		{E0DCE4FA-53CC-4A94-89FE-1B33D1E23B61}.Debug|x86.ActiveCfg = Debug|Any CPU
		{E0DCE4FA-53CC-4A94-89FE-1B33D1E23B61}.Debug|x86.Build.0 = Debug|Any CPU
		{E0DCE4FA-53CC-4A94-89FE-1B33D1E23B61}.Release|Any CPU.ActiveCfg = Release|Any CPU
		{E0DCE4FA-53CC-4A94-89FE-1B33D1E23B61}.Release|Any CPU.Build.0 = Release|Any CPU
		{E0DCE4FA-53CC-4A94-89FE-1B33D1E23B61}.Release|x64.ActiveCfg = Release|Any CPU
		{E0DCE4FA-53CC-4A94-89FE-1B33D1E23B61}.Release|x64.Build.0 = Release|Any CPU
		{E0DCE4FA-53CC-4A94-89FE-1B33D1E23B61}.Release|x86.ActiveCfg = Release|Any CPU
		{E0DCE4FA-53CC-4A94-89FE-1B33D1E23B61}.Release|x86.Build.0 = Release|Any CPU
		{A9C184E6-F0BB-4338-B1E3-262AC4FB7096}.Debug|Any CPU.ActiveCfg = Debug|Any CPU
		{A9C184E6-F0BB-4338-B1E3-262AC4FB7096}.Debug|Any CPU.Build.0 = Debug|Any CPU
		{A9C184E6-F0BB-4338-B1E3-262AC4FB7096}.Debug|x64.ActiveCfg = Debug|Any CPU
		{A9C184E6-F0BB-4338-B1E3-262AC4FB7096}.Debug|x64.Build.0 = Debug|Any CPU
		{A9C184E6-F0BB-4338-B1E3-262AC4FB7096}.Debug|x86.ActiveCfg = Debug|Any CPU
		{A9C184E6-F0BB-4338-B1E3-262AC4FB7096}.Debug|x86.Build.0 = Debug|Any CPU
		{A9C184E6-F0BB-4338-B1E3-262AC4FB7096}.Release|Any CPU.ActiveCfg = Release|Any CPU
		{A9C184E6-F0BB-4338-B1E3-262AC4FB7096}.Release|Any CPU.Build.0 = Release|Any CPU
		{A9C184E6-F0BB-4338-B1E3-262AC4FB7096}.Release|x64.ActiveCfg = Release|Any CPU
		{A9C184E6-F0BB-4338-B1E3-262AC4FB7096}.Release|x64.Build.0 = Release|Any CPU
		{A9C184E6-F0BB-4338-B1E3-262AC4FB7096}.Release|x86.ActiveCfg = Release|Any CPU
		{A9C184E6-F0BB-4338-B1E3-262AC4FB7096}.Release|x86.Build.0 = Release|Any CPU
		{D02855A6-7CF2-41F5-BA94-E0E9225A929A}.Debug|Any CPU.ActiveCfg = Debug|Any CPU
		{D02855A6-7CF2-41F5-BA94-E0E9225A929A}.Debug|Any CPU.Build.0 = Debug|Any CPU
		{D02855A6-7CF2-41F5-BA94-E0E9225A929A}.Debug|x64.ActiveCfg = Debug|Any CPU
		{D02855A6-7CF2-41F5-BA94-E0E9225A929A}.Debug|x64.Build.0 = Debug|Any CPU
		{D02855A6-7CF2-41F5-BA94-E0E9225A929A}.Debug|x86.ActiveCfg = Debug|Any CPU
		{D02855A6-7CF2-41F5-BA94-E0E9225A929A}.Debug|x86.Build.0 = Debug|Any CPU
		{D02855A6-7CF2-41F5-BA94-E0E9225A929A}.Release|Any CPU.ActiveCfg = Release|Any CPU
		{D02855A6-7CF2-41F5-BA94-E0E9225A929A}.Release|Any CPU.Build.0 = Release|Any CPU
		{D02855A6-7CF2-41F5-BA94-E0E9225A929A}.Release|x64.ActiveCfg = Release|Any CPU
		{D02855A6-7CF2-41F5-BA94-E0E9225A929A}.Release|x64.Build.0 = Release|Any CPU
		{D02855A6-7CF2-41F5-BA94-E0E9225A929A}.Release|x86.ActiveCfg = Release|Any CPU
		{D02855A6-7CF2-41F5-BA94-E0E9225A929A}.Release|x86.Build.0 = Release|Any CPU
		{642E4E53-DDC5-4068-AD5E-922606037515}.Debug|Any CPU.ActiveCfg = Debug|Any CPU
		{642E4E53-DDC5-4068-AD5E-922606037515}.Debug|Any CPU.Build.0 = Debug|Any CPU
		{642E4E53-DDC5-4068-AD5E-922606037515}.Debug|x64.ActiveCfg = Debug|Any CPU
		{642E4E53-DDC5-4068-AD5E-922606037515}.Debug|x64.Build.0 = Debug|Any CPU
		{642E4E53-DDC5-4068-AD5E-922606037515}.Debug|x86.ActiveCfg = Debug|Any CPU
		{642E4E53-DDC5-4068-AD5E-922606037515}.Debug|x86.Build.0 = Debug|Any CPU
		{642E4E53-DDC5-4068-AD5E-922606037515}.Release|Any CPU.ActiveCfg = Release|Any CPU
		{642E4E53-DDC5-4068-AD5E-922606037515}.Release|Any CPU.Build.0 = Release|Any CPU
		{642E4E53-DDC5-4068-AD5E-922606037515}.Release|x64.ActiveCfg = Release|Any CPU
		{642E4E53-DDC5-4068-AD5E-922606037515}.Release|x64.Build.0 = Release|Any CPU
		{642E4E53-DDC5-4068-AD5E-922606037515}.Release|x86.ActiveCfg = Release|Any CPU
		{642E4E53-DDC5-4068-AD5E-922606037515}.Release|x86.Build.0 = Release|Any CPU
		{4572F593-6520-4FB6-B0A3-D588F9D3EC7B}.Debug|Any CPU.ActiveCfg = Debug|Any CPU
		{4572F593-6520-4FB6-B0A3-D588F9D3EC7B}.Debug|Any CPU.Build.0 = Debug|Any CPU
		{4572F593-6520-4FB6-B0A3-D588F9D3EC7B}.Debug|x64.ActiveCfg = Debug|Any CPU
		{4572F593-6520-4FB6-B0A3-D588F9D3EC7B}.Debug|x64.Build.0 = Debug|Any CPU
		{4572F593-6520-4FB6-B0A3-D588F9D3EC7B}.Debug|x86.ActiveCfg = Debug|Any CPU
		{4572F593-6520-4FB6-B0A3-D588F9D3EC7B}.Debug|x86.Build.0 = Debug|Any CPU
		{4572F593-6520-4FB6-B0A3-D588F9D3EC7B}.Release|Any CPU.ActiveCfg = Release|Any CPU
		{4572F593-6520-4FB6-B0A3-D588F9D3EC7B}.Release|Any CPU.Build.0 = Release|Any CPU
		{4572F593-6520-4FB6-B0A3-D588F9D3EC7B}.Release|x64.ActiveCfg = Release|Any CPU
		{4572F593-6520-4FB6-B0A3-D588F9D3EC7B}.Release|x64.Build.0 = Release|Any CPU
		{4572F593-6520-4FB6-B0A3-D588F9D3EC7B}.Release|x86.ActiveCfg = Release|Any CPU
		{4572F593-6520-4FB6-B0A3-D588F9D3EC7B}.Release|x86.Build.0 = Release|Any CPU
	EndGlobalSection
EndGlobal
